// !$*UTF8*$!
{
	archiveVersion = 1;
	classes = {
	};
	objectVersion = 56;
	objects = {

/* Begin PBXBuildFile section */
		01CDD7492E6A8EFF00216D39 /* AppDelegate.swift in Sources */ = {isa = PBXBuildFile; fileRef = 01CDD7482E6A8EFF00216D39 /* AppDelegate.swift */; };
		01CDD74B2E6A8EFF00216D39 /* SceneDelegate.swift in Sources */ = {isa = PBXBuildFile; fileRef = 01CDD74A2E6A8EFF00216D39 /* SceneDelegate.swift */; };
		01CDD74D2E6A8EFF00216D39 /* ViewController.swift in Sources */ = {isa = PBXBuildFile; fileRef = 01CDD74C2E6A8EFF00216D39 /* ViewController.swift */; };
		01CDD7502E6A8EFF00216D39 /* Main.storyboard in Resources */ = {isa = PBXBuildFile; fileRef = 01CDD74E2E6A8EFF00216D39 /* Main.storyboard */; };
		01CDD7522E6A8F0100216D39 /* Assets.xcassets in Resources */ = {isa = PBXBuildFile; fileRef = 01CDD7512E6A8F0100216D39 /* Assets.xcassets */; };
		01CDD7552E6A8F0100216D39 /* LaunchScreen.storyboard in Resources */ = {isa = PBXBuildFile; fileRef = 01CDD7532E6A8F0100216D39 /* LaunchScreen.storyboard */; };
		01CDD7602E6A8F0100216D39 /* CDSampleTests.swift in Sources */ = {isa = PBXBuildFile; fileRef = 01CDD75F2E6A8F0100216D39 /* CDSampleTests.swift */; };
		01CDD76A2E6A8F0100216D39 /* CDSampleUITests.swift in Sources */ = {isa = PBXBuildFile; fileRef = 01CDD7692E6A8F0100216D39 /* CDSampleUITests.swift */; };
		01CDD76C2E6A8F0100216D39 /* CDSampleUITestsLaunchTests.swift in Sources */ = {isa = PBXBuildFile; fileRef = 01CDD76B2E6A8F0100216D39 /* CDSampleUITestsLaunchTests.swift */; };
/* End PBXBuildFile section */

/* Begin PBXContainerItemProxy section */
		01CDD75C2E6A8F0100216D39 /* PBXContainerItemProxy */ = {
			isa = PBXContainerItemProxy;
			containerPortal = 01CDD73D2E6A8EFF00216D39 /* Project object */;
			proxyType = 1;
			remoteGlobalIDString = 01CDD7442E6A8EFF00216D39;
			remoteInfo = CDSample;
		};
		01CDD7662E6A8F0100216D39 /* PBXContainerItemProxy */ = {
			isa = PBXContainerItemProxy;
			containerPortal = 01CDD73D2E6A8EFF00216D39 /* Project object */;
			proxyType = 1;
			remoteGlobalIDString = 01CDD7442E6A8EFF00216D39;
			remoteInfo = CDSample;
		};
/* End PBXContainerItemProxy section */

/* Begin PBXFileReference section */
		01CDD7452E6A8EFF00216D39 /* CDSample.app */ = {isa = PBXFileReference; explicitFileType = wrapper.application; includeInIndex = 0; path = CDSample.app; sourceTree = BUILT_PRODUCTS_DIR; };
		01CDD7482E6A8EFF00216D39 /* AppDelegate.swift */ = {isa = PBXFileReference; lastKnownFileType = sourcecode.swift; path = AppDelegate.swift; sourceTree = "<group>"; };
		01CDD74A2E6A8EFF00216D39 /* SceneDelegate.swift */ = {isa = PBXFileReference; lastKnownFileType = sourcecode.swift; path = SceneDelegate.swift; sourceTree = "<group>"; };
		01CDD74C2E6A8EFF00216D39 /* ViewController.swift */ = {isa = PBXFileReference; lastKnownFileType = sourcecode.swift; path = ViewController.swift; sourceTree = "<group>"; };
		01CDD74F2E6A8EFF00216D39 /* Base */ = {isa = PBXFileReference; lastKnownFileType = file.storyboard; name = Base; path = Base.lproj/Main.storyboard; sourceTree = "<group>"; };
		01CDD7512E6A8F0100216D39 /* Assets.xcassets */ = {isa = PBXFileReference; lastKnownFileType = folder.assetcatalog; path = Assets.xcassets; sourceTree = "<group>"; };
		01CDD7542E6A8F0100216D39 /* Base */ = {isa = PBXFileReference; lastKnownFileType = file.storyboard; name = Base; path = Base.lproj/LaunchScreen.storyboard; sourceTree = "<group>"; };
		01CDD7562E6A8F0100216D39 /* Info.plist */ = {isa = PBXFileReference; lastKnownFileType = text.plist.xml; path = Info.plist; sourceTree = "<group>"; };
		01CDD75B2E6A8F0100216D39 /* CDSampleTests.xctest */ = {isa = PBXFileReference; explicitFileType = wrapper.cfbundle; includeInIndex = 0; path = CDSampleTests.xctest; sourceTree = BUILT_PRODUCTS_DIR; };
		01CDD75F2E6A8F0100216D39 /* CDSampleTests.swift */ = {isa = PBXFileReference; lastKnownFileType = sourcecode.swift; path = CDSampleTests.swift; sourceTree = "<group>"; };
		01CDD7652E6A8F0100216D39 /* CDSampleUITests.xctest */ = {isa = PBXFileReference; explicitFileType = wrapper.cfbundle; includeInIndex = 0; path = CDSampleUITests.xctest; sourceTree = BUILT_PRODUCTS_DIR; };
		01CDD7692E6A8F0100216D39 /* CDSampleUITests.swift */ = {isa = PBXFileReference; lastKnownFileType = sourcecode.swift; path = CDSampleUITests.swift; sourceTree = "<group>"; };
		01CDD76B2E6A8F0100216D39 /* CDSampleUITestsLaunchTests.swift */ = {isa = PBXFileReference; lastKnownFileType = sourcecode.swift; path = CDSampleUITestsLaunchTests.swift; sourceTree = "<group>"; };
/* End PBXFileReference section */

/* Begin PBXFrameworksBuildPhase section */
		01CDD7422E6A8EFF00216D39 /* Frameworks */ = {
			isa = PBXFrameworksBuildPhase;
			buildActionMask = 2147483647;
			files = (
			);
			runOnlyForDeploymentPostprocessing = 0;
		};
		01CDD7582E6A8F0100216D39 /* Frameworks */ = {
			isa = PBXFrameworksBuildPhase;
			buildActionMask = 2147483647;
			files = (
			);
			runOnlyForDeploymentPostprocessing = 0;
		};
		01CDD7622E6A8F0100216D39 /* Frameworks */ = {
			isa = PBXFrameworksBuildPhase;
			buildActionMask = 2147483647;
			files = (
			);
			runOnlyForDeploymentPostprocessing = 0;
		};
/* End PBXFrameworksBuildPhase section */

/* Begin PBXGroup section */
		01CDD73C2E6A8EFF00216D39 = {
			isa = PBXGroup;
			children = (
				01CDD7472E6A8EFF00216D39 /* CDSample */,
				01CDD75E2E6A8F0100216D39 /* CDSampleTests */,
				01CDD7682E6A8F0100216D39 /* CDSampleUITests */,
				01CDD7462E6A8EFF00216D39 /* Products */,
			);
			sourceTree = "<group>";
		};
		01CDD7462E6A8EFF00216D39 /* Products */ = {
			isa = PBXGroup;
			children = (
				01CDD7452E6A8EFF00216D39 /* CDSample.app */,
				01CDD75B2E6A8F0100216D39 /* CDSampleTests.xctest */,
				01CDD7652E6A8F0100216D39 /* CDSampleUITests.xctest */,
			);
			name = Products;
			sourceTree = "<group>";
		};
		01CDD7472E6A8EFF00216D39 /* CDSample */ = {
			isa = PBXGroup;
			children = (
				01CDD7482E6A8EFF00216D39 /* AppDelegate.swift */,
				01CDD74A2E6A8EFF00216D39 /* SceneDelegate.swift */,
				01CDD74C2E6A8EFF00216D39 /* ViewController.swift */,
				01CDD74E2E6A8EFF00216D39 /* Main.storyboard */,
				01CDD7512E6A8F0100216D39 /* Assets.xcassets */,
				01CDD7532E6A8F0100216D39 /* LaunchScreen.storyboard */,
				01CDD7562E6A8F0100216D39 /* Info.plist */,
			);
			path = CDSample;
			sourceTree = "<group>";
		};
		01CDD75E2E6A8F0100216D39 /* CDSampleTests */ = {
			isa = PBXGroup;
			children = (
				01CDD75F2E6A8F0100216D39 /* CDSampleTests.swift */,
			);
			path = CDSampleTests;
			sourceTree = "<group>";
		};
		01CDD7682E6A8F0100216D39 /* CDSampleUITests */ = {
			isa = PBXGroup;
			children = (
				01CDD7692E6A8F0100216D39 /* CDSampleUITests.swift */,
				01CDD76B2E6A8F0100216D39 /* CDSampleUITestsLaunchTests.swift */,
			);
			path = CDSampleUITests;
			sourceTree = "<group>";
		};
/* End PBXGroup section */

/* Begin PBXNativeTarget section */
		01CDD7442E6A8EFF00216D39 /* CDSample */ = {
			isa = PBXNativeTarget;
			buildConfigurationList = 01CDD76F2E6A8F0100216D39 /* Build configuration list for PBXNativeTarget "CDSample" */;
			buildPhases = (
				01CDD7412E6A8EFF00216D39 /* Sources */,
				01CDD7422E6A8EFF00216D39 /* Frameworks */,
				01CDD7432E6A8EFF00216D39 /* Resources */,
			);
			buildRules = (
			);
			dependencies = (
			);
			name = CDSample;
			productName = CDSample;
			productReference = 01CDD7452E6A8EFF00216D39 /* CDSample.app */;
			productType = "com.apple.product-type.application";
		};
		01CDD75A2E6A8F0100216D39 /* CDSampleTests */ = {
			isa = PBXNativeTarget;
			buildConfigurationList = 01CDD7722E6A8F0100216D39 /* Build configuration list for PBXNativeTarget "CDSampleTests" */;
			buildPhases = (
				01CDD7572E6A8F0100216D39 /* Sources */,
				01CDD7582E6A8F0100216D39 /* Frameworks */,
				01CDD7592E6A8F0100216D39 /* Resources */,
			);
			buildRules = (
			);
			dependencies = (
				01CDD75D2E6A8F0100216D39 /* PBXTargetDependency */,
			);
			name = CDSampleTests;
			productName = CDSampleTests;
			productReference = 01CDD75B2E6A8F0100216D39 /* CDSampleTests.xctest */;
			productType = "com.apple.product-type.bundle.unit-test";
		};
		01CDD7642E6A8F0100216D39 /* CDSampleUITests */ = {
			isa = PBXNativeTarget;
			buildConfigurationList = 01CDD7752E6A8F0100216D39 /* Build configuration list for PBXNativeTarget "CDSampleUITests" */;
			buildPhases = (
				01CDD7612E6A8F0100216D39 /* Sources */,
				01CDD7622E6A8F0100216D39 /* Frameworks */,
				01CDD7632E6A8F0100216D39 /* Resources */,
			);
			buildRules = (
			);
			dependencies = (
				01CDD7672E6A8F0100216D39 /* PBXTargetDependency */,
			);
			name = CDSampleUITests;
			productName = CDSampleUITests;
			productReference = 01CDD7652E6A8F0100216D39 /* CDSampleUITests.xctest */;
			productType = "com.apple.product-type.bundle.ui-testing";
		};
/* End PBXNativeTarget section */

/* Begin PBXProject section */
		01CDD73D2E6A8EFF00216D39 /* Project object */ = {
			isa = PBXProject;
			attributes = {
				BuildIndependentTargetsInParallel = 1;
				LastSwiftUpdateCheck = 1500;
				LastUpgradeCheck = 1500;
				TargetAttributes = {
					01CDD7442E6A8EFF00216D39 = {
						CreatedOnToolsVersion = 15.0.1;
					};
					01CDD75A2E6A8F0100216D39 = {
						CreatedOnToolsVersion = 15.0.1;
						TestTargetID = 01CDD7442E6A8EFF00216D39;
					};
					01CDD7642E6A8F0100216D39 = {
						CreatedOnToolsVersion = 15.0.1;
						TestTargetID = 01CDD7442E6A8EFF00216D39;
					};
				};
			};
			buildConfigurationList = 01CDD7402E6A8EFF00216D39 /* Build configuration list for PBXProject "CDSample" */;
			compatibilityVersion = "Xcode 14.0";
			developmentRegion = en;
			hasScannedForEncodings = 0;
			knownRegions = (
				en,
				Base,
			);
			mainGroup = 01CDD73C2E6A8EFF00216D39;
			productRefGroup = 01CDD7462E6A8EFF00216D39 /* Products */;
			projectDirPath = "";
			projectRoot = "";
			targets = (
				01CDD7442E6A8EFF00216D39 /* CDSample */,
				01CDD75A2E6A8F0100216D39 /* CDSampleTests */,
				01CDD7642E6A8F0100216D39 /* CDSampleUITests */,
			);
		};
/* End PBXProject section */

/* Begin PBXResourcesBuildPhase section */
		01CDD7432E6A8EFF00216D39 /* Resources */ = {
			isa = PBXResourcesBuildPhase;
			buildActionMask = 2147483647;
			files = (
				01CDD7552E6A8F0100216D39 /* LaunchScreen.storyboard in Resources */,
				01CDD7522E6A8F0100216D39 /* Assets.xcassets in Resources */,
				01CDD7502E6A8EFF00216D39 /* Main.storyboard in Resources */,
			);
			runOnlyForDeploymentPostprocessing = 0;
		};
		01CDD7592E6A8F0100216D39 /* Resources */ = {
			isa = PBXResourcesBuildPhase;
			buildActionMask = 2147483647;
			files = (
			);
			runOnlyForDeploymentPostprocessing = 0;
		};
		01CDD7632E6A8F0100216D39 /* Resources */ = {
			isa = PBXResourcesBuildPhase;
			buildActionMask = 2147483647;
			files = (
			);
			runOnlyForDeploymentPostprocessing = 0;
		};
/* End PBXResourcesBuildPhase section */

/* Begin PBXSourcesBuildPhase section */
		01CDD7412E6A8EFF00216D39 /* Sources */ = {
			isa = PBXSourcesBuildPhase;
			buildActionMask = 2147483647;
			files = (
				01CDD74D2E6A8EFF00216D39 /* ViewController.swift in Sources */,
				01CDD7492E6A8EFF00216D39 /* AppDelegate.swift in Sources */,
				01CDD74B2E6A8EFF00216D39 /* SceneDelegate.swift in Sources */,
			);
			runOnlyForDeploymentPostprocessing = 0;
		};
		01CDD7572E6A8F0100216D39 /* Sources */ = {
			isa = PBXSourcesBuildPhase;
			buildActionMask = 2147483647;
			files = (
				01CDD7602E6A8F0100216D39 /* CDSampleTests.swift in Sources */,
			);
			runOnlyForDeploymentPostprocessing = 0;
		};
		01CDD7612E6A8F0100216D39 /* Sources */ = {
			isa = PBXSourcesBuildPhase;
			buildActionMask = 2147483647;
			files = (
				01CDD76C2E6A8F0100216D39 /* CDSampleUITestsLaunchTests.swift in Sources */,
				01CDD76A2E6A8F0100216D39 /* CDSampleUITests.swift in Sources */,
			);
			runOnlyForDeploymentPostprocessing = 0;
		};
/* End PBXSourcesBuildPhase section */

/* Begin PBXTargetDependency section */
		01CDD75D2E6A8F0100216D39 /* PBXTargetDependency */ = {
			isa = PBXTargetDependency;
			target = 01CDD7442E6A8EFF00216D39 /* CDSample */;
			targetProxy = 01CDD75C2E6A8F0100216D39 /* PBXContainerItemProxy */;
		};
		01CDD7672E6A8F0100216D39 /* PBXTargetDependency */ = {
			isa = PBXTargetDependency;
			target = 01CDD7442E6A8EFF00216D39 /* CDSample */;
			targetProxy = 01CDD7662E6A8F0100216D39 /* PBXContainerItemProxy */;
		};
/* End PBXTargetDependency section */

/* Begin PBXVariantGroup section */
		01CDD74E2E6A8EFF00216D39 /* Main.storyboard */ = {
			isa = PBXVariantGroup;
			children = (
				01CDD74F2E6A8EFF00216D39 /* Base */,
			);
			name = Main.storyboard;
			sourceTree = "<group>";
		};
		01CDD7532E6A8F0100216D39 /* LaunchScreen.storyboard */ = {
			isa = PBXVariantGroup;
			children = (
				01CDD7542E6A8F0100216D39 /* Base */,
			);
			name = LaunchScreen.storyboard;
			sourceTree = "<group>";
		};
/* End PBXVariantGroup section */

/* Begin XCBuildConfiguration section */
		01CDD76D2E6A8F0100216D39 /* Debug */ = {
			isa = XCBuildConfiguration;
			buildSettings = {
				ALWAYS_SEARCH_USER_PATHS = NO;
				ASSETCATALOG_COMPILER_GENERATE_SWIFT_ASSET_SYMBOL_EXTENSIONS = YES;
				CLANG_ANALYZER_NONNULL = YES;
				CLANG_ANALYZER_NUMBER_OBJECT_CONVERSION = YES_AGGRESSIVE;
				CLANG_CXX_LANGUAGE_STANDARD = "gnu++20";
				CLANG_ENABLE_MODULES = YES;
				CLANG_ENABLE_OBJC_ARC = YES;
				CLANG_ENABLE_OBJC_WEAK = YES;
				CLANG_WARN_BLOCK_CAPTURE_AUTORELEASING = YES;
				CLANG_WARN_BOOL_CONVERSION = YES;
				CLANG_WARN_COMMA = YES;
				CLANG_WARN_CONSTANT_CONVERSION = YES;
				CLANG_WARN_DEPRECATED_OBJC_IMPLEMENTATIONS = YES;
				CLANG_WARN_DIRECT_OBJC_ISA_USAGE = YES_ERROR;
				CLANG_WARN_DOCUMENTATION_COMMENTS = YES;
				CLANG_WARN_EMPTY_BODY = YES;
				CLANG_WARN_ENUM_CONVERSION = YES;
				CLANG_WARN_INFINITE_RECURSION = YES;
				CLANG_WARN_INT_CONVERSION = YES;
				CLANG_WARN_NON_LITERAL_NULL_CONVERSION = YES;
				CLANG_WARN_OBJC_IMPLICIT_RETAIN_SELF = YES;
				CLANG_WARN_OBJC_LITERAL_CONVERSION = YES;
				CLANG_WARN_OBJC_ROOT_CLASS = YES_ERROR;
				CLANG_WARN_QUOTED_INCLUDE_IN_FRAMEWORK_HEADER = YES;
				CLANG_WARN_RANGE_LOOP_ANALYSIS = YES;
				CLANG_WARN_STRICT_PROTOTYPES = YES;
				CLANG_WARN_SUSPICIOUS_MOVE = YES;
				CLANG_WARN_UNGUARDED_AVAILABILITY = YES_AGGRESSIVE;
				CLANG_WARN_UNREACHABLE_CODE = YES;
				CLANG_WARN__DUPLICATE_METHOD_MATCH = YES;
				COPY_PHASE_STRIP = NO;
				DEBUG_INFORMATION_FORMAT = dwarf;
				ENABLE_STRICT_OBJC_MSGSEND = YES;
				ENABLE_TESTABILITY = YES;
				ENABLE_USER_SCRIPT_SANDBOXING = YES;
				GCC_C_LANGUAGE_STANDARD = gnu17;
				GCC_DYNAMIC_NO_PIC = NO;
				GCC_NO_COMMON_BLOCKS = YES;
				GCC_OPTIMIZATION_LEVEL = 0;
				GCC_PREPROCESSOR_DEFINITIONS = (
					"DEBUG=1",
					"$(inherited)",
				);
				GCC_WARN_64_TO_32_BIT_CONVERSION = YES;
				GCC_WARN_ABOUT_RETURN_TYPE = YES_ERROR;
				GCC_WARN_UNDECLARED_SELECTOR = YES;
				GCC_WARN_UNINITIALIZED_AUTOS = YES_AGGRESSIVE;
				GCC_WARN_UNUSED_FUNCTION = YES;
				GCC_WARN_UNUSED_VARIABLE = YES;
				IPHONEOS_DEPLOYMENT_TARGET = 17.0;
				LOCALIZATION_PREFERS_STRING_CATALOGS = YES;
				MTL_ENABLE_DEBUG_INFO = INCLUDE_SOURCE;
				MTL_FAST_MATH = YES;
				ONLY_ACTIVE_ARCH = YES;
				SDKROOT = iphoneos;
				SWIFT_ACTIVE_COMPILATION_CONDITIONS = "DEBUG $(inherited)";
				SWIFT_OPTIMIZATION_LEVEL = "-Onone";
			};
			name = Debug;
		};
		01CDD76E2E6A8F0100216D39 /* Release */ = {
			isa = XCBuildConfiguration;
			buildSettings = {
				ALWAYS_SEARCH_USER_PATHS = NO;
				ASSETCATALOG_COMPILER_GENERATE_SWIFT_ASSET_SYMBOL_EXTENSIONS = YES;
				CLANG_ANALYZER_NONNULL = YES;
				CLANG_ANALYZER_NUMBER_OBJECT_CONVERSION = YES_AGGRESSIVE;
				CLANG_CXX_LANGUAGE_STANDARD = "gnu++20";
				CLANG_ENABLE_MODULES = YES;
				CLANG_ENABLE_OBJC_ARC = YES;
				CLANG_ENABLE_OBJC_WEAK = YES;
				CLANG_WARN_BLOCK_CAPTURE_AUTORELEASING = YES;
				CLANG_WARN_BOOL_CONVERSION = YES;
				CLANG_WARN_COMMA = YES;
				CLANG_WARN_CONSTANT_CONVERSION = YES;
				CLANG_WARN_DEPRECATED_OBJC_IMPLEMENTATIONS = YES;
				CLANG_WARN_DIRECT_OBJC_ISA_USAGE = YES_ERROR;
				CLANG_WARN_DOCUMENTATION_COMMENTS = YES;
				CLANG_WARN_EMPTY_BODY = YES;
				CLANG_WARN_ENUM_CONVERSION = YES;
				CLANG_WARN_INFINITE_RECURSION = YES;
				CLANG_WARN_INT_CONVERSION = YES;
				CLANG_WARN_NON_LITERAL_NULL_CONVERSION = YES;
				CLANG_WARN_OBJC_IMPLICIT_RETAIN_SELF = YES;
				CLANG_WARN_OBJC_LITERAL_CONVERSION = YES;
				CLANG_WARN_OBJC_ROOT_CLASS = YES_ERROR;
				CLANG_WARN_QUOTED_INCLUDE_IN_FRAMEWORK_HEADER = YES;
				CLANG_WARN_RANGE_LOOP_ANALYSIS = YES;
				CLANG_WARN_STRICT_PROTOTYPES = YES;
				CLANG_WARN_SUSPICIOUS_MOVE = YES;
				CLANG_WARN_UNGUARDED_AVAILABILITY = YES_AGGRESSIVE;
				CLANG_WARN_UNREACHABLE_CODE = YES;
				CLANG_WARN__DUPLICATE_METHOD_MATCH = YES;
				COPY_PHASE_STRIP = NO;
				DEBUG_INFORMATION_FORMAT = "dwarf-with-dsym";
				ENABLE_NS_ASSERTIONS = NO;
				ENABLE_STRICT_OBJC_MSGSEND = YES;
				ENABLE_USER_SCRIPT_SANDBOXING = YES;
				GCC_C_LANGUAGE_STANDARD = gnu17;
				GCC_NO_COMMON_BLOCKS = YES;
				GCC_WARN_64_TO_32_BIT_CONVERSION = YES;
				GCC_WARN_ABOUT_RETURN_TYPE = YES_ERROR;
				GCC_WARN_UNDECLARED_SELECTOR = YES;
				GCC_WARN_UNINITIALIZED_AUTOS = YES_AGGRESSIVE;
				GCC_WARN_UNUSED_FUNCTION = YES;
				GCC_WARN_UNUSED_VARIABLE = YES;
				IPHONEOS_DEPLOYMENT_TARGET = 17.0;
				LOCALIZATION_PREFERS_STRING_CATALOGS = YES;
				MTL_ENABLE_DEBUG_INFO = NO;
				MTL_FAST_MATH = YES;
				SDKROOT = iphoneos;
				SWIFT_COMPILATION_MODE = wholemodule;
				VALIDATE_PRODUCT = YES;
			};
			name = Release;
		};
		01CDD7702E6A8F0100216D39 /* Debug */ = {
			isa = XCBuildConfiguration;
			buildSettings = {
				ASSETCATALOG_COMPILER_APPICON_NAME = AppIcon;
				ASSETCATALOG_COMPILER_GLOBAL_ACCENT_COLOR_NAME = AccentColor;
				CODE_SIGN_STYLE = Automatic;
				CURRENT_PROJECT_VERSION = 1;
				DEVELOPMENT_TEAM = AV9629E65V;
				GENERATE_INFOPLIST_FILE = YES;
				INFOPLIST_FILE = CDSample/Info.plist;
				INFOPLIST_KEY_UIApplicationSupportsIndirectInputEvents = YES;
				INFOPLIST_KEY_UILaunchStoryboardName = LaunchScreen;
				INFOPLIST_KEY_UIMainStoryboardFile = Main;
				INFOPLIST_KEY_UISupportedInterfaceOrientations_iPad = "UIInterfaceOrientationPortrait UIInterfaceOrientationPortraitUpsideDown UIInterfaceOrientationLandscapeLeft UIInterfaceOrientationLandscapeRight";
				INFOPLIST_KEY_UISupportedInterfaceOrientations_iPhone = "UIInterfaceOrientationPortrait UIInterfaceOrientationLandscapeLeft UIInterfaceOrientationLandscapeRight";
				LD_RUNPATH_SEARCH_PATHS = (
					"$(inherited)",
					"@executable_path/Frameworks",
				);
				MARKETING_VERSION = 1.0;
				PRODUCT_BUNDLE_IDENTIFIER = Priya.CDSample;
				PRODUCT_NAME = "$(TARGET_NAME)";
				SWIFT_EMIT_LOC_STRINGS = YES;
				SWIFT_VERSION = 5.0;
				TARGETED_DEVICE_FAMILY = "1,2";
			};
			name = Debug;
		};
		01CDD7712E6A8F0100216D39 /* Release */ = {
			isa = XCBuildConfiguration;
			buildSettings = {
				ASSETCATALOG_COMPILER_APPICON_NAME = AppIcon;
				ASSETCATALOG_COMPILER_GLOBAL_ACCENT_COLOR_NAME = AccentColor;
				CODE_SIGN_STYLE = Automatic;
				CURRENT_PROJECT_VERSION = 1;
				DEVELOPMENT_TEAM = AV9629E65V;
				GENERATE_INFOPLIST_FILE = YES;
				INFOPLIST_FILE = CDSample/Info.plist;
				INFOPLIST_KEY_UIApplicationSupportsIndirectInputEvents = YES;
				INFOPLIST_KEY_UILaunchStoryboardName = LaunchScreen;
				INFOPLIST_KEY_UIMainStoryboardFile = Main;
				INFOPLIST_KEY_UISupportedInterfaceOrientations_iPad = "UIInterfaceOrientationPortrait UIInterfaceOrientationPortraitUpsideDown UIInterfaceOrientationLandscapeLeft UIInterfaceOrientationLandscapeRight";
				INFOPLIST_KEY_UISupportedInterfaceOrientations_iPhone = "UIInterfaceOrientationPortrait UIInterfaceOrientationLandscapeLeft UIInterfaceOrientationLandscapeRight";
				LD_RUNPATH_SEARCH_PATHS = (
					"$(inherited)",
					"@executable_path/Frameworks",
				);
				MARKETING_VERSION = 1.0;
				PRODUCT_BUNDLE_IDENTIFIER = Priya.CDSample;
				PRODUCT_NAME = "$(TARGET_NAME)";
				SWIFT_EMIT_LOC_STRINGS = YES;
				SWIFT_VERSION = 5.0;
				TARGETED_DEVICE_FAMILY = "1,2";
			};
			name = Release;
		};
		01CDD7732E6A8F0100216D39 /* Debug */ = {
			isa = XCBuildConfiguration;
			buildSettings = {
				ALWAYS_EMBED_SWIFT_STANDARD_LIBRARIES = YES;
				BUNDLE_LOADER = "$(TEST_HOST)";
				CODE_SIGN_STYLE = Automatic;
				CURRENT_PROJECT_VERSION = 1;
				DEVELOPMENT_TEAM = AV9629E65V;
				GENERATE_INFOPLIST_FILE = YES;
				IPHONEOS_DEPLOYMENT_TARGET = 17.0;
				MARKETING_VERSION = 1.0;
				PRODUCT_BUNDLE_IDENTIFIER = Priya.CDSampleTests;
				PRODUCT_NAME = "$(TARGET_NAME)";
				SWIFT_EMIT_LOC_STRINGS = NO;
				SWIFT_VERSION = 5.0;
				TARGETED_DEVICE_FAMILY = "1,2";
				TEST_HOST = "$(BUILT_PRODUCTS_DIR)/CDSample.app/$(BUNDLE_EXECUTABLE_FOLDER_PATH)/CDSample";
			};
			name = Debug;
		};
		01CDD7742E6A8F0100216D39 /* Release */ = {
			isa = XCBuildConfiguration;
			buildSettings = {
				ALWAYS_EMBED_SWIFT_STANDARD_LIBRARIES = YES;
				BUNDLE_LOADER = "$(TEST_HOST)";
				CODE_SIGN_STYLE = Automatic;
				CURRENT_PROJECT_VERSION = 1;
				DEVELOPMENT_TEAM = AV9629E65V;
				GENERATE_INFOPLIST_FILE = YES;
				IPHONEOS_DEPLOYMENT_TARGET = 17.0;
				MARKETING_VERSION = 1.0;
				PRODUCT_BUNDLE_IDENTIFIER = Priya.CDSampleTests;
				PRODUCT_NAME = "$(TARGET_NAME)";
				SWIFT_EMIT_LOC_STRINGS = NO;
				SWIFT_VERSION = 5.0;
				TARGETED_DEVICE_FAMILY = "1,2";
				TEST_HOST = "$(BUILT_PRODUCTS_DIR)/CDSample.app/$(BUNDLE_EXECUTABLE_FOLDER_PATH)/CDSample";
			};
			name = Release;
		};
		01CDD7762E6A8F0100216D39 /* Debug */ = {
			isa = XCBuildConfiguration;
			buildSettings = {
				ALWAYS_EMBED_SWIFT_STANDARD_LIBRARIES = YES;
				CODE_SIGN_STYLE = Automatic;
				CURRENT_PROJECT_VERSION = 1;
				DEVELOPMENT_TEAM = AV9629E65V;
				GENERATE_INFOPLIST_FILE = YES;
				MARKETING_VERSION = 1.0;
				PRODUCT_BUNDLE_IDENTIFIER = Priya.CDSampleUITests;
				PRODUCT_NAME = "$(TARGET_NAME)";
				SWIFT_EMIT_LOC_STRINGS = NO;
				SWIFT_VERSION = 5.0;
				TARGETED_DEVICE_FAMILY = "1,2";
				TEST_TARGET_NAME = CDSample;
			};
			name = Debug;
		};
		01CDD7772E6A8F0100216D39 /* Release */ = {
			isa = XCBuildConfiguration;
			buildSettings = {
				ALWAYS_EMBED_SWIFT_STANDARD_LIBRARIES = YES;
				CODE_SIGN_STYLE = Automatic;
				CURRENT_PROJECT_VERSION = 1;
				DEVELOPMENT_TEAM = AV9629E65V;
				GENERATE_INFOPLIST_FILE = YES;
				MARKETING_VERSION = 1.0;
				PRODUCT_BUNDLE_IDENTIFIER = Priya.CDSampleUITests;
				PRODUCT_NAME = "$(TARGET_NAME)";
				SWIFT_EMIT_LOC_STRINGS = NO;
				SWIFT_VERSION = 5.0;
				TARGETED_DEVICE_FAMILY = "1,2";
				TEST_TARGET_NAME = CDSample;
			};
			name = Release;
		};
/* End XCBuildConfiguration section */

/* Begin XCConfigurationList section */
		01CDD7402E6A8EFF00216D39 /* Build configuration list for PBXProject "CDSample" */ = {
			isa = XCConfigurationList;
			buildConfigurations = (
				01CDD76D2E6A8F0100216D39 /* Debug */,
				01CDD76E2E6A8F0100216D39 /* Release */,
			);
			defaultConfigurationIsVisible = 0;
			defaultConfigurationName = Release;
		};
		01CDD76F2E6A8F0100216D39 /* Build configuration list for PBXNativeTarget "CDSample" */ = {
			isa = XCConfigurationList;
			buildConfigurations = (
				01CDD7702E6A8F0100216D39 /* Debug */,
				01CDD7712E6A8F0100216D39 /* Release */,
			);
			defaultConfigurationIsVisible = 0;
			defaultConfigurationName = Release;
		};
		01CDD7722E6A8F0100216D39 /* Build configuration list for PBXNativeTarget "CDSampleTests" */ = {
			isa = XCConfigurationList;
			buildConfigurations = (
				01CDD7732E6A8F0100216D39 /* Debug */,
				01CDD7742E6A8F0100216D39 /* Release */,
			);
			defaultConfigurationIsVisible = 0;
			defaultConfigurationName = Release;
		};
		01CDD7752E6A8F0100216D39 /* Build configuration list for PBXNativeTarget "CDSampleUITests" */ = {
			isa = XCConfigurationList;
			buildConfigurations = (
				01CDD7762E6A8F0100216D39 /* Debug */,
				01CDD7772E6A8F0100216D39 /* Release */,
			);
			defaultConfigurationIsVisible = 0;
			defaultConfigurationName = Release;
		};
/* End XCConfigurationList section */
	};
	rootObject = 01CDD73D2E6A8EFF00216D39 /* Project object */;
}
